
Microsoft Visual Studio Solution File, Format Version 12.00
# Visual Studio 2013
VisualStudioVersion = 12.0.40629.0
MinimumVisualStudioVersion = 10.0.40219.1
Project("{FAE04EC0-301F-11D3-BF4B-00C04F79EFBC}") = "hthservices", "hthservices\hthservices.csproj", "{A40F05D7-5A25-418C-A347-4990A0B30073}"
EndProject
Project("{FAE04EC0-301F-11D3-BF4B-00C04F79EFBC}") = "hthservices.Tests", "hthservices.Tests\hthservices.Tests.csproj", "{7B42C3BB-F690-433E-994B-974B98781E5E}"
EndProject
Global
	GlobalSection(SolutionConfigurationPlatforms) = preSolution
		Debug|Any CPU = Debug|Any CPU
		Release|Any CPU = Release|Any CPU
	EndGlobalSection
	GlobalSection(ProjectConfigurationPlatforms) = postSolution
		{A40F05D7-5A25-418C-A347-4990A0B30073}.Debug|Any CPU.ActiveCfg = Debug|Any CPU
		{A40F05D7-5A25-418C-A347-4990A0B30073}.Debug|Any CPU.Build.0 = Debug|Any CPU
		{A40F05D7-5A25-418C-A347-4990A0B30073}.Release|Any CPU.ActiveCfg = Release|Any CPU
		{A40F05D7-5A25-418C-A347-4990A0B30073}.Release|Any CPU.Build.0 = Release|Any CPU
		{7B42C3BB-F690-433E-994B-974B98781E5E}.Debug|Any CPU.ActiveCfg = Debug|Any CPU
		{7B42C3BB-F690-433E-994B-974B98781E5E}.Debug|Any CPU.Build.0 = Debug|Any CPU
		{7B42C3BB-F690-433E-994B-974B98781E5E}.Release|Any CPU.ActiveCfg = Release|Any CPU
		{7B42C3BB-F690-433E-994B-974B98781E5E}.Release|Any CPU.Build.0 = Release|Any CPU
	EndGlobalSection
	GlobalSection(SolutionProperties) = preSolution
		HideSolutionNode = FALSE
	EndGlobalSection
EndGlobal
