
Microsoft Visual Studio Solution File, Format Version 12.00
# Visual Studio 2013
VisualStudioVersion = 12.0.40629.0
MinimumVisualStudioVersion = 10.0.40219.1
Project("{FAE04EC0-301F-11D3-BF4B-00C04F79EFBC}") = "TiviOnline", "TiviOnline\TiviOnline.csproj", "{409B6FCF-B5DD-4C14-B7D5-3793331F2E7B}"
EndProject
Project("{FAE04EC0-301F-11D3-BF4B-00C04F79EFBC}") = "TiviOnline.Tests", "TiviOnline.Tests\TiviOnline.Tests.csproj", "{50CE6B0A-93A9-41A1-A279-0F2AA346E4BA}"
EndProject
Project("{2150E333-8FDC-42A3-9474-1A3956D46DE8}") = ".nuget", ".nuget", "{94232DAD-DA26-46B4-9ACD-AEFB03204805}"
	ProjectSection(SolutionItems) = preProject
		.nuget\NuGet.Config = .nuget\NuGet.Config
		.nuget\NuGet.exe = .nuget\NuGet.exe
		.nuget\NuGet.targets = .nuget\NuGet.targets
	EndProjectSection
EndProject
Global
	GlobalSection(SolutionConfigurationPlatforms) = preSolution
		Debug|Any CPU = Debug|Any CPU
		Release|Any CPU = Release|Any CPU
	EndGlobalSection
	GlobalSection(ProjectConfigurationPlatforms) = postSolution
		{409B6FCF-B5DD-4C14-B7D5-3793331F2E7B}.Debug|Any CPU.ActiveCfg = Debug|Any CPU
		{409B6FCF-B5DD-4C14-B7D5-3793331F2E7B}.Debug|Any CPU.Build.0 = Debug|Any CPU
		{409B6FCF-B5DD-4C14-B7D5-3793331F2E7B}.Release|Any CPU.ActiveCfg = Release|Any CPU
		{409B6FCF-B5DD-4C14-B7D5-3793331F2E7B}.Release|Any CPU.Build.0 = Release|Any CPU
		{50CE6B0A-93A9-41A1-A279-0F2AA346E4BA}.Debug|Any CPU.ActiveCfg = Debug|Any CPU
		{50CE6B0A-93A9-41A1-A279-0F2AA346E4BA}.Debug|Any CPU.Build.0 = Debug|Any CPU
		{50CE6B0A-93A9-41A1-A279-0F2AA346E4BA}.Release|Any CPU.ActiveCfg = Release|Any CPU
		{50CE6B0A-93A9-41A1-A279-0F2AA346E4BA}.Release|Any CPU.Build.0 = Release|Any CPU
	EndGlobalSection
	GlobalSection(SolutionProperties) = preSolution
		HideSolutionNode = FALSE
	EndGlobalSection
EndGlobal
